// !$*UTF8*$!
{
	archiveVersion = 1;
	classes = {
	};
	objectVersion = 50;
	objects = {

/* Begin PBXBuildFile section */
		71C6BA168797786484772EF0 /* Pods_sqliteTest.framework in Frameworks */ = {isa = PBXBuildFile; fileRef = A313212B94D3E9BFF8EC30C0 /* Pods_sqliteTest.framework */; };
		B01F159B216AB6860025077E /* Database.swift in Sources */ = {isa = PBXBuildFile; fileRef = B01F159A216AB6860025077E /* Database.swift */; };
		B05F73132167F5A300BFA36B /* AppDelegate.swift in Sources */ = {isa = PBXBuildFile; fileRef = B05F73122167F5A300BFA36B /* AppDelegate.swift */; };
		B05F73152167F5A300BFA36B /* ViewController.swift in Sources */ = {isa = PBXBuildFile; fileRef = B05F73142167F5A300BFA36B /* ViewController.swift */; };
		B05F73172167F5A400BFA36B /* Assets.xcassets in Resources */ = {isa = PBXBuildFile; fileRef = B05F73162167F5A400BFA36B /* Assets.xcassets */; };
		B05F731A2167F5A400BFA36B /* Main.storyboard in Resources */ = {isa = PBXBuildFile; fileRef = B05F73182167F5A400BFA36B /* Main.storyboard */; };
/* End PBXBuildFile section */

/* Begin PBXFileReference section */
		A313212B94D3E9BFF8EC30C0 /* Pods_sqliteTest.framework */ = {isa = PBXFileReference; explicitFileType = wrapper.framework; includeInIndex = 0; path = Pods_sqliteTest.framework; sourceTree = BUILT_PRODUCTS_DIR; };
		B01F159A216AB6860025077E /* Database.swift */ = {isa = PBXFileReference; lastKnownFileType = sourcecode.swift; path = Database.swift; sourceTree = "<group>"; };
		B05F730F2167F5A300BFA36B /* sqliteTest.app */ = {isa = PBXFileReference; explicitFileType = wrapper.application; includeInIndex = 0; path = sqliteTest.app; sourceTree = BUILT_PRODUCTS_DIR; };
		B05F73122167F5A300BFA36B /* AppDelegate.swift */ = {isa = PBXFileReference; lastKnownFileType = sourcecode.swift; path = AppDelegate.swift; sourceTree = "<group>"; };
		B05F73142167F5A300BFA36B /* ViewController.swift */ = {isa = PBXFileReference; lastKnownFileType = sourcecode.swift; path = ViewController.swift; sourceTree = "<group>"; };
		B05F73162167F5A400BFA36B /* Assets.xcassets */ = {isa = PBXFileReference; lastKnownFileType = folder.assetcatalog; path = Assets.xcassets; sourceTree = "<group>"; };
		B05F73192167F5A400BFA36B /* Base */ = {isa = PBXFileReference; lastKnownFileType = file.storyboard; name = Base; path = Base.lproj/Main.storyboard; sourceTree = "<group>"; };
		B05F731B2167F5A400BFA36B /* Info.plist */ = {isa = PBXFileReference; lastKnownFileType = text.plist.xml; path = Info.plist; sourceTree = "<group>"; };
		B05F731C2167F5A400BFA36B /* sqliteTest.entitlements */ = {isa = PBXFileReference; lastKnownFileType = text.plist.entitlements; path = sqliteTest.entitlements; sourceTree = "<group>"; };
		B1F566246598BF8386AD68D5 /* Pods-sqliteTest.release.xcconfig */ = {isa = PBXFileReference; includeInIndex = 1; lastKnownFileType = text.xcconfig; name = "Pods-sqliteTest.release.xcconfig"; path = "Pods/Target Support Files/Pods-sqliteTest/Pods-sqliteTest.release.xcconfig"; sourceTree = "<group>"; };
		FF2C48CE3FB09FAA149D50B8 /* Pods-sqliteTest.debug.xcconfig */ = {isa = PBXFileReference; includeInIndex = 1; lastKnownFileType = text.xcconfig; name = "Pods-sqliteTest.debug.xcconfig"; path = "Pods/Target Support Files/Pods-sqliteTest/Pods-sqliteTest.debug.xcconfig"; sourceTree = "<group>"; };
/* End PBXFileReference section */

/* Begin PBXFrameworksBuildPhase section */
		B05F730C2167F5A300BFA36B /* Frameworks */ = {
			isa = PBXFrameworksBuildPhase;
			buildActionMask = 2147483647;
			files = (
				71C6BA168797786484772EF0 /* Pods_sqliteTest.framework in Frameworks */,
			);
			runOnlyForDeploymentPostprocessing = 0;
		};
/* End PBXFrameworksBuildPhase section */

/* Begin PBXGroup section */
		7EF6634FEDE3563F199EAEDE /* Frameworks */ = {
			isa = PBXGroup;
			children = (
				A313212B94D3E9BFF8EC30C0 /* Pods_sqliteTest.framework */,
			);
			name = Frameworks;
			sourceTree = "<group>";
		};
		8B160419C3B4F4481D70FAE1 /* Pods */ = {
			isa = PBXGroup;
			children = (
				FF2C48CE3FB09FAA149D50B8 /* Pods-sqliteTest.debug.xcconfig */,
				B1F566246598BF8386AD68D5 /* Pods-sqliteTest.release.xcconfig */,
			);
			name = Pods;
			sourceTree = "<group>";
		};
		B05F73062167F5A300BFA36B = {
			isa = PBXGroup;
			children = (
				B05F73112167F5A300BFA36B /* sqliteTest */,
				B05F73102167F5A300BFA36B /* Products */,
				8B160419C3B4F4481D70FAE1 /* Pods */,
				7EF6634FEDE3563F199EAEDE /* Frameworks */,
			);
			sourceTree = "<group>";
		};
		B05F73102167F5A300BFA36B /* Products */ = {
			isa = PBXGroup;
			children = (
				B05F730F2167F5A300BFA36B /* sqliteTest.app */,
			);
			name = Products;
			sourceTree = "<group>";
		};
		B05F73112167F5A300BFA36B /* sqliteTest */ = {
			isa = PBXGroup;
			children = (
				B05F73122167F5A300BFA36B /* AppDelegate.swift */,
				B05F73142167F5A300BFA36B /* ViewController.swift */,
				B05F73162167F5A400BFA36B /* Assets.xcassets */,
				B05F73182167F5A400BFA36B /* Main.storyboard */,
				B05F731B2167F5A400BFA36B /* Info.plist */,
				B05F731C2167F5A400BFA36B /* sqliteTest.entitlements */,
				B01F159A216AB6860025077E /* Database.swift */,
			);
			path = sqliteTest;
			sourceTree = "<group>";
		};
/* End PBXGroup section */

/* Begin PBXNativeTarget section */
		B05F730E2167F5A300BFA36B /* sqliteTest */ = {
			isa = PBXNativeTarget;
			buildConfigurationList = B05F731F2167F5A400BFA36B /* Build configuration list for PBXNativeTarget "sqliteTest" */;
			buildPhases = (
				1A77A06D686D956AF8F6F5D8 /* [CP] Check Pods Manifest.lock */,
				B05F730B2167F5A300BFA36B /* Sources */,
				B05F730C2167F5A300BFA36B /* Frameworks */,
				B05F730D2167F5A300BFA36B /* Resources */,
				53FE336D6C856269DA10BAE0 /* [CP] Embed Pods Frameworks */,
			);
			buildRules = (
			);
			dependencies = (
			);
			name = sqliteTest;
			productName = sqliteTest;
			productReference = B05F730F2167F5A300BFA36B /* sqliteTest.app */;
			productType = "com.apple.product-type.application";
		};
/* End PBXNativeTarget section */

/* Begin PBXProject section */
		B05F73072167F5A300BFA36B /* Project object */ = {
			isa = PBXProject;
			attributes = {
				LastSwiftUpdateCheck = 0940;
				LastUpgradeCheck = 0940;
				ORGANIZATIONNAME = "Katsuhiko Tamura";
				TargetAttributes = {
					B05F730E2167F5A300BFA36B = {
						CreatedOnToolsVersion = 9.4.1;
					};
				};
			};
			buildConfigurationList = B05F730A2167F5A300BFA36B /* Build configuration list for PBXProject "sqliteTest" */;
			compatibilityVersion = "Xcode 9.3";
			developmentRegion = en;
			hasScannedForEncodings = 0;
			knownRegions = (
				en,
				Base,
			);
			mainGroup = B05F73062167F5A300BFA36B;
			productRefGroup = B05F73102167F5A300BFA36B /* Products */;
			projectDirPath = "";
			projectRoot = "";
			targets = (
				B05F730E2167F5A300BFA36B /* sqliteTest */,
			);
		};
/* End PBXProject section */

/* Begin PBXResourcesBuildPhase section */
		B05F730D2167F5A300BFA36B /* Resources */ = {
			isa = PBXResourcesBuildPhase;
			buildActionMask = 2147483647;
			files = (
				B05F73172167F5A400BFA36B /* Assets.xcassets in Resources */,
				B05F731A2167F5A400BFA36B /* Main.storyboard in Resources */,
			);
			runOnlyForDeploymentPostprocessing = 0;
		};
/* End PBXResourcesBuildPhase section */

/* Begin PBXShellScriptBuildPhase section */
		1A77A06D686D956AF8F6F5D8 /* [CP] Check Pods Manifest.lock */ = {
			isa = PBXShellScriptBuildPhase;
			buildActionMask = 2147483647;
			files = (
			);
			inputPaths = (
				"${PODS_PODFILE_DIR_PATH}/Podfile.lock",
				"${PODS_ROOT}/Manifest.lock",
			);
			name = "[CP] Check Pods Manifest.lock";
			outputPaths = (
				"$(DERIVED_FILE_DIR)/Pods-sqliteTest-checkManifestLockResult.txt",
			);
			runOnlyForDeploymentPostprocessing = 0;
			shellPath = /bin/sh;
			shellScript = "diff \"${PODS_PODFILE_DIR_PATH}/Podfile.lock\" \"${PODS_ROOT}/Manifest.lock\" > /dev/null\nif [ $? != 0 ] ; then\n    # print error to STDERR\n    echo \"error: The sandbox is not in sync with the Podfile.lock. Run 'pod install' or update your CocoaPods installation.\" >&2\n    exit 1\nfi\n# This output is used by Xcode 'outputs' to avoid re-running this script phase.\necho \"SUCCESS\" > \"${SCRIPT_OUTPUT_FILE_0}\"\n";
			showEnvVarsInLog = 0;
		};
		53FE336D6C856269DA10BAE0 /* [CP] Embed Pods Frameworks */ = {
			isa = PBXShellScriptBuildPhase;
			buildActionMask = 2147483647;
			files = (
			);
			inputPaths = (
				"${SRCROOT}/Pods/Target Support Files/Pods-sqliteTest/Pods-sqliteTest-frameworks.sh",
				"${BUILT_PRODUCTS_DIR}/GRDB.swift/GRDB.framework",
			);
			name = "[CP] Embed Pods Frameworks";
			outputPaths = (
				"${TARGET_BUILD_DIR}/${FRAMEWORKS_FOLDER_PATH}/GRDB.framework",
			);
			runOnlyForDeploymentPostprocessing = 0;
			shellPath = /bin/sh;
			shellScript = "\"${SRCROOT}/Pods/Target Support Files/Pods-sqliteTest/Pods-sqliteTest-frameworks.sh\"\n";
			showEnvVarsInLog = 0;
		};
/* End PBXShellScriptBuildPhase section */

/* Begin PBXSourcesBuildPhase section */
		B05F730B2167F5A300BFA36B /* Sources */ = {
			isa = PBXSourcesBuildPhase;
			buildActionMask = 2147483647;
			files = (
				B01F159B216AB6860025077E /* Database.swift in Sources */,
				B05F73152167F5A300BFA36B /* ViewController.swift in Sources */,
				B05F73132167F5A300BFA36B /* AppDelegate.swift in Sources */,
			);
			runOnlyForDeploymentPostprocessing = 0;
		};
/* End PBXSourcesBuildPhase section */

/* Begin PBXVariantGroup section */
		B05F73182167F5A400BFA36B /* Main.storyboard */ = {
			isa = PBXVariantGroup;
			children = (
				B05F73192167F5A400BFA36B /* Base */,
			);
			name = Main.storyboard;
			sourceTree = "<group>";
		};
/* End PBXVariantGroup section */

/* Begin XCBuildConfiguration section */
		B05F731D2167F5A400BFA36B /* Debug */ = {
			isa = XCBuildConfiguration;
			buildSettings = {
				ALWAYS_SEARCH_USER_PATHS = NO;
				CLANG_ANALYZER_NONNULL = YES;
				CLANG_ANALYZER_NUMBER_OBJECT_CONVERSION = YES_AGGRESSIVE;
				CLANG_CXX_LANGUAGE_STANDARD = "gnu++14";
				CLANG_CXX_LIBRARY = "libc++";
				CLANG_ENABLE_MODULES = YES;
				CLANG_ENABLE_OBJC_ARC = YES;
				CLANG_ENABLE_OBJC_WEAK = YES;
				CLANG_WARN_BLOCK_CAPTURE_AUTORELEASING = YES;
				CLANG_WARN_BOOL_CONVERSION = YES;
				CLANG_WARN_COMMA = YES;
				CLANG_WARN_CONSTANT_CONVERSION = YES;
				CLANG_WARN_DEPRECATED_OBJC_IMPLEMENTATIONS = YES;
				CLANG_WARN_DIRECT_OBJC_ISA_USAGE = YES_ERROR;
				CLANG_WARN_DOCUMENTATION_COMMENTS = YES;
				CLANG_WARN_EMPTY_BODY = YES;
				CLANG_WARN_ENUM_CONVERSION = YES;
				CLANG_WARN_INFINITE_RECURSION = YES;
				CLANG_WARN_INT_CONVERSION = YES;
				CLANG_WARN_NON_LITERAL_NULL_CONVERSION = YES;
				CLANG_WARN_OBJC_IMPLICIT_RETAIN_SELF = YES;
				CLANG_WARN_OBJC_LITERAL_CONVERSION = YES;
				CLANG_WARN_OBJC_ROOT_CLASS = YES_ERROR;
				CLANG_WARN_RANGE_LOOP_ANALYSIS = YES;
				CLANG_WARN_STRICT_PROTOTYPES = YES;
				CLANG_WARN_SUSPICIOUS_MOVE = YES;
				CLANG_WARN_UNGUARDED_AVAILABILITY = YES_AGGRESSIVE;
				CLANG_WARN_UNREACHABLE_CODE = YES;
				CLANG_WARN__DUPLICATE_METHOD_MATCH = YES;
				CODE_SIGN_IDENTITY = "-";
				COPY_PHASE_STRIP = NO;
				DEBUG_INFORMATION_FORMAT = dwarf;
				ENABLE_STRICT_OBJC_MSGSEND = YES;
				ENABLE_TESTABILITY = YES;
				GCC_C_LANGUAGE_STANDARD = gnu11;
				GCC_DYNAMIC_NO_PIC = NO;
				GCC_NO_COMMON_BLOCKS = YES;
				GCC_OPTIMIZATION_LEVEL = 0;
				GCC_PREPROCESSOR_DEFINITIONS = (
					"DEBUG=1",
					"$(inherited)",
				);
				GCC_WARN_64_TO_32_BIT_CONVERSION = YES;
				GCC_WARN_ABOUT_RETURN_TYPE = YES_ERROR;
				GCC_WARN_UNDECLARED_SELECTOR = YES;
				GCC_WARN_UNINITIALIZED_AUTOS = YES_AGGRESSIVE;
				GCC_WARN_UNUSED_FUNCTION = YES;
				GCC_WARN_UNUSED_VARIABLE = YES;
				MACOSX_DEPLOYMENT_TARGET = 10.13;
				MTL_ENABLE_DEBUG_INFO = YES;
				ONLY_ACTIVE_ARCH = YES;
				SDKROOT = macosx;
				SWIFT_ACTIVE_COMPILATION_CONDITIONS = DEBUG;
				SWIFT_OPTIMIZATION_LEVEL = "-Onone";
			};
			name = Debug;
		};
		B05F731E2167F5A400BFA36B /* Release */ = {
			isa = XCBuildConfiguration;
			buildSettings = {
				ALWAYS_SEARCH_USER_PATHS = NO;
				CLANG_ANALYZER_NONNULL = YES;
				CLANG_ANALYZER_NUMBER_OBJECT_CONVERSION = YES_AGGRESSIVE;
				CLANG_CXX_LANGUAGE_STANDARD = "gnu++14";
				CLANG_CXX_LIBRARY = "libc++";
				CLANG_ENABLE_MODULES = YES;
				CLANG_ENABLE_OBJC_ARC = YES;
				CLANG_ENABLE_OBJC_WEAK = YES;
				CLANG_WARN_BLOCK_CAPTURE_AUTORELEASING = YES;
				CLANG_WARN_BOOL_CONVERSION = YES;
				CLANG_WARN_COMMA = YES;
				CLANG_WARN_CONSTANT_CONVERSION = YES;
				CLANG_WARN_DEPRECATED_OBJC_IMPLEMENTATIONS = YES;
				CLANG_WARN_DIRECT_OBJC_ISA_USAGE = YES_ERROR;
				CLANG_WARN_DOCUMENTATION_COMMENTS = YES;
				CLANG_WARN_EMPTY_BODY = YES;
				CLANG_WARN_ENUM_CONVERSION = YES;
				CLANG_WARN_INFINITE_RECURSION = YES;
				CLANG_WARN_INT_CONVERSION = YES;
				CLANG_WARN_NON_LITERAL_NULL_CONVERSION = YES;
				CLANG_WARN_OBJC_IMPLICIT_RETAIN_SELF = YES;
				CLANG_WARN_OBJC_LITERAL_CONVERSION = YES;
				CLANG_WARN_OBJC_ROOT_CLASS = YES_ERROR;
				CLANG_WARN_RANGE_LOOP_ANALYSIS = YES;
				CLANG_WARN_STRICT_PROTOTYPES = YES;
				CLANG_WARN_SUSPICIOUS_MOVE = YES;
				CLANG_WARN_UNGUARDED_AVAILABILITY = YES_AGGRESSIVE;
				CLANG_WARN_UNREACHABLE_CODE = YES;
				CLANG_WARN__DUPLICATE_METHOD_MATCH = YES;
				CODE_SIGN_IDENTITY = "-";
				COPY_PHASE_STRIP = NO;
				DEBUG_INFORMATION_FORMAT = "dwarf-with-dsym";
				ENABLE_NS_ASSERTIONS = NO;
				ENABLE_STRICT_OBJC_MSGSEND = YES;
				GCC_C_LANGUAGE_STANDARD = gnu11;
				GCC_NO_COMMON_BLOCKS = YES;
				GCC_WARN_64_TO_32_BIT_CONVERSION = YES;
				GCC_WARN_ABOUT_RETURN_TYPE = YES_ERROR;
				GCC_WARN_UNDECLARED_SELECTOR = YES;
				GCC_WARN_UNINITIALIZED_AUTOS = YES_AGGRESSIVE;
				GCC_WARN_UNUSED_FUNCTION = YES;
				GCC_WARN_UNUSED_VARIABLE = YES;
				MACOSX_DEPLOYMENT_TARGET = 10.13;
				MTL_ENABLE_DEBUG_INFO = NO;
				SDKROOT = macosx;
				SWIFT_COMPILATION_MODE = wholemodule;
				SWIFT_OPTIMIZATION_LEVEL = "-O";
			};
			name = Release;
		};
		B05F73202167F5A400BFA36B /* Debug */ = {
			isa = XCBuildConfiguration;
			baseConfigurationReference = FF2C48CE3FB09FAA149D50B8 /* Pods-sqliteTest.debug.xcconfig */;
			buildSettings = {
				ASSETCATALOG_COMPILER_APPICON_NAME = AppIcon;
				CODE_SIGN_ENTITLEMENTS = sqliteTest/sqliteTest.entitlements;
				CODE_SIGN_STYLE = Automatic;
				COMBINE_HIDPI_IMAGES = YES;
				INFOPLIST_FILE = sqliteTest/Info.plist;
				LD_RUNPATH_SEARCH_PATHS = (
					"$(inherited)",
					"@executable_path/../Frameworks",
				);
				PRODUCT_BUNDLE_IDENTIFIER = arcueid.sqliteTest;
				PRODUCT_NAME = "$(TARGET_NAME)";
				SWIFT_VERSION = 4.0;
			};
			name = Debug;
		};
		B05F73212167F5A400BFA36B /* Release */ = {
			isa = XCBuildConfiguration;
			baseConfigurationReference = B1F566246598BF8386AD68D5 /* Pods-sqliteTest.release.xcconfig */;
			buildSettings = {
				ASSETCATALOG_COMPILER_APPICON_NAME = AppIcon;
				CODE_SIGN_ENTITLEMENTS = sqliteTest/sqliteTest.entitlements;
				CODE_SIGN_STYLE = Automatic;
				COMBINE_HIDPI_IMAGES = YES;
				INFOPLIST_FILE = sqliteTest/Info.plist;
				LD_RUNPATH_SEARCH_PATHS = (
					"$(inherited)",
					"@executable_path/../Frameworks",
				);
				PRODUCT_BUNDLE_IDENTIFIER = arcueid.sqliteTest;
				PRODUCT_NAME = "$(TARGET_NAME)";
				SWIFT_VERSION = 4.0;
			};
			name = Release;
		};
/* End XCBuildConfiguration section */

/* Begin XCConfigurationList section */
		B05F730A2167F5A300BFA36B /* Build configuration list for PBXProject "sqliteTest" */ = {
			isa = XCConfigurationList;
			buildConfigurations = (
				B05F731D2167F5A400BFA36B /* Debug */,
				B05F731E2167F5A400BFA36B /* Release */,
			);
			defaultConfigurationIsVisible = 0;
			defaultConfigurationName = Release;
		};
		B05F731F2167F5A400BFA36B /* Build configuration list for PBXNativeTarget "sqliteTest" */ = {
			isa = XCConfigurationList;
			buildConfigurations = (
				B05F73202167F5A400BFA36B /* Debug */,
				B05F73212167F5A400BFA36B /* Release */,
			);
			defaultConfigurationIsVisible = 0;
			defaultConfigurationName = Release;
		};
/* End XCConfigurationList section */
	};
	rootObject = B05F73072167F5A300BFA36B /* Project object */;
}
